Microsoft Visual Studio Solution File, Format Version 12.00
# Visual Studio 2012
Project("{FAE04EC0-301F-11D3-BF4B-00C04F79EFBC}") = "Floating-Islands-Demo", "Floating-Islands-Demo.csproj", "{71821D38-9CD4-4E62-8A4A-F3951517991A}"
EndProject
Global
	GlobalSection(SolutionConfigurationPlatforms) = preSolution
	Debug|Any CPU = Debug|Any CPU
	ExportDebug|Any CPU = ExportDebug|Any CPU
	ExportRelease|Any CPU = ExportRelease|Any CPU
	EndGlobalSection
	GlobalSection(ProjectConfigurationPlatforms) = postSolution
		{71821D38-9CD4-4E62-8A4A-F3951517991A}.Debug|Any CPU.ActiveCfg = Debug|Any CPU
		{71821D38-9CD4-4E62-8A4A-F3951517991A}.Debug|Any CPU.Build.0 = Debug|Any CPU
		{71821D38-9CD4-4E62-8A4A-F3951517991A}.ExportDebug|Any CPU.ActiveCfg = ExportDebug|Any CPU
		{71821D38-9CD4-4E62-8A4A-F3951517991A}.ExportDebug|Any CPU.Build.0 = ExportDebug|Any CPU
		{71821D38-9CD4-4E62-8A4A-F3951517991A}.ExportRelease|Any CPU.ActiveCfg = ExportRelease|Any CPU
		{71821D38-9CD4-4E62-8A4A-F3951517991A}.ExportRelease|Any CPU.Build.0 = ExportRelease|Any CPU
	EndGlobalSection
EndGlobal
